PODS:
  - Alamofire (4.9.1)
  - Device (3.2.1)
  - FriendlyScoreConnect (1.0.2):
    - FriendlyScoreCore
    - Kingfisher
  - FriendlyScoreCore (1.0.4):
    - Alamofire
    - Device
    - Hero
    - IQKeyboardManager
    - JGProgressHUD
    - Moya
    - ObjectMapper
    - PhoneNumberKit
    - SnapKit
  - Hero (1.5.0)
  - IQKeyboardManager (6.5.5)
  - JGProgressHUD (2.1)
  - Kingfisher (5.13.0):
    - Kingfisher/Core (= 5.13.0)
  - Kingfisher/Core (5.13.0)
  - Moya (13.0.1):
    - Moya/Core (= 13.0.1)
  - Moya/Core (13.0.1):
    - Alamofire (~> 4.1)
    - Result (~> 4.1)
  - ObjectMapper (3.5.1)
  - PhoneNumberKit (3.2.0):
    - PhoneNumberKit/PhoneNumberKitCore (= 3.2.0)
    - PhoneNumberKit/UIKit (= 3.2.0)
  - PhoneNumberKit/PhoneNumberKitCore (3.2.0)
  - PhoneNumberKit/UIKit (3.2.0):
    - PhoneNumberKit/PhoneNumberKitCore
  - Result (4.1.0)
  - SnapKit (5.0.1)

DEPENDENCIES:
  - FriendlyScoreConnect (~> 1.0.2)

SPEC REPOS:
  trunk:
    - Alamofire
    - Device
    - FriendlyScoreConnect
    - FriendlyScoreCore
    - Hero
    - IQKeyboardManager
    - JGProgressHUD
    - Kingfisher
    - Moya
    - ObjectMapper
    - PhoneNumberKit
    - Result
    - SnapKit

SPEC CHECKSUMS:
  Alamofire: 85e8a02c69d6020a0d734f6054870d7ecb75cf18
  Device: 0738862dd8a30856b4bd9e21cb9b728873d21392
  FriendlyScoreConnect: 3582d2f230151451e660a5bd49c1e396a289e92d
  FriendlyScoreCore: d2900935e79d02309d6e18ce2e2c50746bd4372f
  Hero: b7385b75e7259da62f4f85462f59a5082d66b058
  IQKeyboardManager: 3a8b9e603f8b0eeaf5f096a1f2b2cfcf121992ef
  JGProgressHUD: aa403e9a5b45cae98903c4600cccdd98c0c3ec90
  Kingfisher: 0d334cada987fcddbe9b5cec516406e1ee9d4748
  Moya: f4a4b80ff2f8a4ffc208dfb31cd91636622fee6e
  ObjectMapper: 70187b8941977c62ccfb423caf6b50be405cabf0
  PhoneNumberKit: df411d46177d1492da84e10b6c093846dd861452
  Result: bd966fac789cc6c1563440b348ab2598cc24d5c7
  SnapKit: 97b92857e3df3a0c71833cce143274bf6ef8e5eb

PODFILE CHECKSUM: ece47136429134d5e074d39f16a9a99ce41d2f25

COCOAPODS: 1.8.4
