PODS:
  - Alamofire (4.9.1)
  - AppAuth (1.3.0):
    - AppAuth/Core (= 1.3.0)
    - AppAuth/ExternalUserAgent (= 1.3.0)
  - AppAuth/Core (1.3.0)
  - AppAuth/ExternalUserAgent (1.3.0)
  - DatePickerDialog (3.0)
  - Device (3.2.1)
  - FriendlyScoreConnect (1.0.0):
    - FriendlyScoreCore
    - Kingfisher
  - FriendlyScoreCore (1.0.1):
    - Alamofire
    - AppAuth
    - DatePickerDialog
    - Device
    - GooglePlaces
    - Hero
    - IQKeyboardManager
    - JGProgressHUD
    - Moya
    - ObjectMapper
    - PhoneNumberKit
    - SnapKit
  - GoogleMaps/Base (3.7.0)
  - GooglePlaces (3.7.0):
    - GoogleMaps/Base (= 3.7.0)
  - Hero (1.5.0)
  - IQKeyboardManager (6.5.5)
  - JGProgressHUD (2.1)
  - Kingfisher (5.13.0):
    - Kingfisher/Core (= 5.13.0)
  - Kingfisher/Core (5.13.0)
  - Moya (13.0.1):
    - Moya/Core (= 13.0.1)
  - Moya/Core (13.0.1):
    - Alamofire (~> 4.1)
    - Result (~> 4.1)
  - netfox (1.18.0)
  - ObjectMapper (3.5.1)
  - PhoneNumberKit (3.2.0):
    - PhoneNumberKit/PhoneNumberKitCore (= 3.2.0)
    - PhoneNumberKit/UIKit (= 3.2.0)
  - PhoneNumberKit/PhoneNumberKitCore (3.2.0)
  - PhoneNumberKit/UIKit (3.2.0):
    - PhoneNumberKit/PhoneNumberKitCore
  - Result (4.1.0)
  - SnapKit (5.0.1)

DEPENDENCIES:
  - FriendlyScoreConnect
  - netfox

SPEC REPOS:
  trunk:
    - Alamofire
    - AppAuth
    - DatePickerDialog
    - Device
    - FriendlyScoreConnect
    - FriendlyScoreCore
    - GoogleMaps
    - GooglePlaces
    - Hero
    - IQKeyboardManager
    - JGProgressHUD
    - Kingfisher
    - Moya
    - netfox
    - ObjectMapper
    - PhoneNumberKit
    - Result
    - SnapKit

SPEC CHECKSUMS:
  Alamofire: 85e8a02c69d6020a0d734f6054870d7ecb75cf18
  AppAuth: 73574f3013a1e65b9601a3ddc8b3158cce68c09d
  DatePickerDialog: 03dbb8350bfa80302ab2a8c83cee1fec70184444
  Device: 0738862dd8a30856b4bd9e21cb9b728873d21392
  FriendlyScoreConnect: 384c0933fb6aff344a0031b630c4e1958e4eb85f
  FriendlyScoreCore: 809d49658105b623ddd7f0b3e50d79625255a34f
  GoogleMaps: 55da829c68aa931f3ae982b9e341cc2f3d89c587
  GooglePlaces: a62077320f9d64239245af63aa1aa136393ebeb6
  Hero: b7385b75e7259da62f4f85462f59a5082d66b058
  IQKeyboardManager: 3a8b9e603f8b0eeaf5f096a1f2b2cfcf121992ef
  JGProgressHUD: aa403e9a5b45cae98903c4600cccdd98c0c3ec90
  Kingfisher: 0d334cada987fcddbe9b5cec516406e1ee9d4748
  Moya: f4a4b80ff2f8a4ffc208dfb31cd91636622fee6e
  netfox: 95b3583c28e4a3376cc5a647d48e8e26f5b16d58
  ObjectMapper: 70187b8941977c62ccfb423caf6b50be405cabf0
  PhoneNumberKit: df411d46177d1492da84e10b6c093846dd861452
  Result: bd966fac789cc6c1563440b348ab2598cc24d5c7
  SnapKit: 97b92857e3df3a0c71833cce143274bf6ef8e5eb

PODFILE CHECKSUM: c87fc6071372a97db6f81fa3e6be225984791ae1

COCOAPODS: 1.8.4
